// !$*UTF8*$!
{
	archiveVersion = 1;
	classes = {
	};
	objectVersion = 46;
	objects = {

/* Begin PBXBuildFile section */
		CEB93E9A1E8FFDB100681E33 /* AppDelegate.swift in Sources */ = {isa = PBXBuildFile; fileRef = CEB93E991E8FFDB100681E33 /* AppDelegate.swift */; };
		CEB93E9C1E8FFDB100681E33 /* ViewController.swift in Sources */ = {isa = PBXBuildFile; fileRef = CEB93E9B1E8FFDB100681E33 /* ViewController.swift */; };
		CEB93E9F1E8FFDB100681E33 /* Main.storyboard in Resources */ = {isa = PBXBuildFile; fileRef = CEB93E9D1E8FFDB100681E33 /* Main.storyboard */; };
		CEB93EA21E8FFDB100681E33 /* GuardiansDB.xcdatamodeld in Sources */ = {isa = PBXBuildFile; fileRef = CEB93EA01E8FFDB100681E33 /* GuardiansDB.xcdatamodeld */; };
		CEB93EA41E8FFDB100681E33 /* Assets.xcassets in Resources */ = {isa = PBXBuildFile; fileRef = CEB93EA31E8FFDB100681E33 /* Assets.xcassets */; };
		CEB93EA71E8FFDB100681E33 /* LaunchScreen.storyboard in Resources */ = {isa = PBXBuildFile; fileRef = CEB93EA51E8FFDB100681E33 /* LaunchScreen.storyboard */; };
		CEB93EB01E9003B600681E33 /* Toon.swift in Sources */ = {isa = PBXBuildFile; fileRef = CEB93EAF1E9003B600681E33 /* Toon.swift */; };
		CEB93EB31E90628300681E33 /* ToonCollectionViewCell.swift in Sources */ = {isa = PBXBuildFile; fileRef = CEB93EB21E90628300681E33 /* ToonCollectionViewCell.swift */; };
		CEB93EB51E9182C200681E33 /* Guardians.ttf in Resources */ = {isa = PBXBuildFile; fileRef = CEB93EB41E9182C200681E33 /* Guardians.ttf */; };
		CEB93EB81E919BF300681E33 /* ToonDetailVC.swift in Sources */ = {isa = PBXBuildFile; fileRef = CEB93EB71E919BF300681E33 /* ToonDetailVC.swift */; };
		CEB93EBA1E9859F400681E33 /* Comic.swift in Sources */ = {isa = PBXBuildFile; fileRef = CEB93EB91E9859F400681E33 /* Comic.swift */; };
/* End PBXBuildFile section */

/* Begin PBXFileReference section */
		CEB93E961E8FFDB100681E33 /* GuardiansDB.app */ = {isa = PBXFileReference; explicitFileType = wrapper.application; includeInIndex = 0; path = GuardiansDB.app; sourceTree = BUILT_PRODUCTS_DIR; };
		CEB93E991E8FFDB100681E33 /* AppDelegate.swift */ = {isa = PBXFileReference; lastKnownFileType = sourcecode.swift; path = AppDelegate.swift; sourceTree = "<group>"; };
		CEB93E9B1E8FFDB100681E33 /* ViewController.swift */ = {isa = PBXFileReference; lastKnownFileType = sourcecode.swift; path = ViewController.swift; sourceTree = "<group>"; };
		CEB93E9E1E8FFDB100681E33 /* Base */ = {isa = PBXFileReference; lastKnownFileType = file.storyboard; name = Base; path = Base.lproj/Main.storyboard; sourceTree = "<group>"; };
		CEB93EA11E8FFDB100681E33 /* GuardiansDB.xcdatamodel */ = {isa = PBXFileReference; lastKnownFileType = wrapper.xcdatamodel; path = GuardiansDB.xcdatamodel; sourceTree = "<group>"; };
		CEB93EA31E8FFDB100681E33 /* Assets.xcassets */ = {isa = PBXFileReference; lastKnownFileType = folder.assetcatalog; path = Assets.xcassets; sourceTree = "<group>"; };
		CEB93EA61E8FFDB100681E33 /* Base */ = {isa = PBXFileReference; lastKnownFileType = file.storyboard; name = Base; path = Base.lproj/LaunchScreen.storyboard; sourceTree = "<group>"; };
		CEB93EA81E8FFDB100681E33 /* Info.plist */ = {isa = PBXFileReference; lastKnownFileType = text.plist.xml; path = Info.plist; sourceTree = "<group>"; };
		CEB93EAF1E9003B600681E33 /* Toon.swift */ = {isa = PBXFileReference; fileEncoding = 4; lastKnownFileType = sourcecode.swift; path = Toon.swift; sourceTree = "<group>"; };
		CEB93EB21E90628300681E33 /* ToonCollectionViewCell.swift */ = {isa = PBXFileReference; fileEncoding = 4; lastKnownFileType = sourcecode.swift; path = ToonCollectionViewCell.swift; sourceTree = "<group>"; };
		CEB93EB41E9182C200681E33 /* Guardians.ttf */ = {isa = PBXFileReference; lastKnownFileType = file; path = Guardians.ttf; sourceTree = "<group>"; };
		CEB93EB71E919BF300681E33 /* ToonDetailVC.swift */ = {isa = PBXFileReference; fileEncoding = 4; lastKnownFileType = sourcecode.swift; path = ToonDetailVC.swift; sourceTree = "<group>"; };
		CEB93EB91E9859F400681E33 /* Comic.swift */ = {isa = PBXFileReference; fileEncoding = 4; lastKnownFileType = sourcecode.swift; path = Comic.swift; sourceTree = "<group>"; };
/* End PBXFileReference section */

/* Begin PBXFrameworksBuildPhase section */
		CEB93E931E8FFDB100681E33 /* Frameworks */ = {
			isa = PBXFrameworksBuildPhase;
			buildActionMask = 2147483647;
			files = (
			);
			runOnlyForDeploymentPostprocessing = 0;
		};
/* End PBXFrameworksBuildPhase section */

/* Begin PBXGroup section */
		CEB93E8D1E8FFDB100681E33 = {
			isa = PBXGroup;
			children = (
				CEB93E981E8FFDB100681E33 /* GuardiansDB */,
				CEB93E971E8FFDB100681E33 /* Products */,
			);
			sourceTree = "<group>";
		};
		CEB93E971E8FFDB100681E33 /* Products */ = {
			isa = PBXGroup;
			children = (
				CEB93E961E8FFDB100681E33 /* GuardiansDB.app */,
			);
			name = Products;
			sourceTree = "<group>";
		};
		CEB93E981E8FFDB100681E33 /* GuardiansDB */ = {
			isa = PBXGroup;
			children = (
				CEB93EAE1E90038B00681E33 /* Model */,
				CEB93EB11E90624D00681E33 /* View */,
				CEB93EB61E919BB200681E33 /* Controller */,
				CEB93E991E8FFDB100681E33 /* AppDelegate.swift */,
				CEB93E9D1E8FFDB100681E33 /* Main.storyboard */,
				CEB93EA31E8FFDB100681E33 /* Assets.xcassets */,
				CEB93EB41E9182C200681E33 /* Guardians.ttf */,
				CEB93EA51E8FFDB100681E33 /* LaunchScreen.storyboard */,
				CEB93EA81E8FFDB100681E33 /* Info.plist */,
				CEB93EA01E8FFDB100681E33 /* GuardiansDB.xcdatamodeld */,
			);
			path = GuardiansDB;
			sourceTree = "<group>";
		};
		CEB93EAE1E90038B00681E33 /* Model */ = {
			isa = PBXGroup;
			children = (
				CEB93EAF1E9003B600681E33 /* Toon.swift */,
				CEB93EB91E9859F400681E33 /* Comic.swift */,
			);
			name = Model;
			sourceTree = "<group>";
		};
		CEB93EB11E90624D00681E33 /* View */ = {
			isa = PBXGroup;
			children = (
				CEB93EB21E90628300681E33 /* ToonCollectionViewCell.swift */,
			);
			name = View;
			sourceTree = "<group>";
		};
		CEB93EB61E919BB200681E33 /* Controller */ = {
			isa = PBXGroup;
			children = (
				CEB93E9B1E8FFDB100681E33 /* ViewController.swift */,
				CEB93EB71E919BF300681E33 /* ToonDetailVC.swift */,
			);
			name = Controller;
			sourceTree = "<group>";
		};
/* End PBXGroup section */

/* Begin PBXNativeTarget section */
		CEB93E951E8FFDB100681E33 /* GuardiansDB */ = {
			isa = PBXNativeTarget;
			buildConfigurationList = CEB93EAB1E8FFDB100681E33 /* Build configuration list for PBXNativeTarget "GuardiansDB" */;
			buildPhases = (
				CEB93E921E8FFDB100681E33 /* Sources */,
				CEB93E931E8FFDB100681E33 /* Frameworks */,
				CEB93E941E8FFDB100681E33 /* Resources */,
			);
			buildRules = (
			);
			dependencies = (
			);
			name = GuardiansDB;
			productName = GuardiansDB;
			productReference = CEB93E961E8FFDB100681E33 /* GuardiansDB.app */;
			productType = "com.apple.product-type.application";
		};
/* End PBXNativeTarget section */

/* Begin PBXProject section */
		CEB93E8E1E8FFDB100681E33 /* Project object */ = {
			isa = PBXProject;
			attributes = {
				LastSwiftUpdateCheck = 0830;
				LastUpgradeCheck = 0830;
				ORGANIZATIONNAME = TheSitePass;
				TargetAttributes = {
					CEB93E951E8FFDB100681E33 = {
						CreatedOnToolsVersion = 8.3;
						DevelopmentTeam = 2L8KW7JVKW;
						ProvisioningStyle = Automatic;
					};
				};
			};
			buildConfigurationList = CEB93E911E8FFDB100681E33 /* Build configuration list for PBXProject "GuardiansDB" */;
			compatibilityVersion = "Xcode 3.2";
			developmentRegion = English;
			hasScannedForEncodings = 0;
			knownRegions = (
				en,
				Base,
			);
			mainGroup = CEB93E8D1E8FFDB100681E33;
			productRefGroup = CEB93E971E8FFDB100681E33 /* Products */;
			projectDirPath = "";
			projectRoot = "";
			targets = (
				CEB93E951E8FFDB100681E33 /* GuardiansDB */,
			);
		};
/* End PBXProject section */

/* Begin PBXResourcesBuildPhase section */
		CEB93E941E8FFDB100681E33 /* Resources */ = {
			isa = PBXResourcesBuildPhase;
			buildActionMask = 2147483647;
			files = (
				CEB93EA71E8FFDB100681E33 /* LaunchScreen.storyboard in Resources */,
				CEB93EA41E8FFDB100681E33 /* Assets.xcassets in Resources */,
				CEB93E9F1E8FFDB100681E33 /* Main.storyboard in Resources */,
				CEB93EB51E9182C200681E33 /* Guardians.ttf in Resources */,
			);
			runOnlyForDeploymentPostprocessing = 0;
		};
/* End PBXResourcesBuildPhase section */

/* Begin PBXSourcesBuildPhase section */
		CEB93E921E8FFDB100681E33 /* Sources */ = {
			isa = PBXSourcesBuildPhase;
			buildActionMask = 2147483647;
			files = (
				CEB93E9C1E8FFDB100681E33 /* ViewController.swift in Sources */,
				CEB93EB81E919BF300681E33 /* ToonDetailVC.swift in Sources */,
				CEB93EBA1E9859F400681E33 /* Comic.swift in Sources */,
				CEB93EB01E9003B600681E33 /* Toon.swift in Sources */,
				CEB93EA21E8FFDB100681E33 /* GuardiansDB.xcdatamodeld in Sources */,
				CEB93E9A1E8FFDB100681E33 /* AppDelegate.swift in Sources */,
				CEB93EB31E90628300681E33 /* ToonCollectionViewCell.swift in Sources */,
			);
			runOnlyForDeploymentPostprocessing = 0;
		};
/* End PBXSourcesBuildPhase section */

/* Begin PBXVariantGroup section */
		CEB93E9D1E8FFDB100681E33 /* Main.storyboard */ = {
			isa = PBXVariantGroup;
			children = (
				CEB93E9E1E8FFDB100681E33 /* Base */,
			);
			name = Main.storyboard;
			sourceTree = "<group>";
		};
		CEB93EA51E8FFDB100681E33 /* LaunchScreen.storyboard */ = {
			isa = PBXVariantGroup;
			children = (
				CEB93EA61E8FFDB100681E33 /* Base */,
			);
			name = LaunchScreen.storyboard;
			sourceTree = "<group>";
		};
/* End PBXVariantGroup section */

/* Begin XCBuildConfiguration section */
		CEB93EA91E8FFDB100681E33 /* Debug */ = {
			isa = XCBuildConfiguration;
			buildSettings = {
				ALWAYS_SEARCH_USER_PATHS = NO;
				CLANG_ANALYZER_NONNULL = YES;
				CLANG_ANALYZER_NUMBER_OBJECT_CONVERSION = YES_AGGRESSIVE;
				CLANG_CXX_LANGUAGE_STANDARD = "gnu++0x";
				CLANG_CXX_LIBRARY = "libc++";
				CLANG_ENABLE_MODULES = YES;
				CLANG_ENABLE_OBJC_ARC = YES;
				CLANG_WARN_BOOL_CONVERSION = YES;
				CLANG_WARN_CONSTANT_CONVERSION = YES;
				CLANG_WARN_DIRECT_OBJC_ISA_USAGE = YES_ERROR;
				CLANG_WARN_DOCUMENTATION_COMMENTS = YES;
				CLANG_WARN_EMPTY_BODY = YES;
				CLANG_WARN_ENUM_CONVERSION = YES;
				CLANG_WARN_INFINITE_RECURSION = YES;
				CLANG_WARN_INT_CONVERSION = YES;
				CLANG_WARN_OBJC_ROOT_CLASS = YES_ERROR;
				CLANG_WARN_SUSPICIOUS_MOVE = YES;
				CLANG_WARN_UNREACHABLE_CODE = YES;
				CLANG_WARN__DUPLICATE_METHOD_MATCH = YES;
				"CODE_SIGN_IDENTITY[sdk=iphoneos*]" = "iPhone Developer";
				COPY_PHASE_STRIP = NO;
				DEBUG_INFORMATION_FORMAT = dwarf;
				ENABLE_STRICT_OBJC_MSGSEND = YES;
				ENABLE_TESTABILITY = YES;
				GCC_C_LANGUAGE_STANDARD = gnu99;
				GCC_DYNAMIC_NO_PIC = NO;
				GCC_NO_COMMON_BLOCKS = YES;
				GCC_OPTIMIZATION_LEVEL = 0;
				GCC_PREPROCESSOR_DEFINITIONS = (
					"DEBUG=1",
					"$(inherited)",
				);
				GCC_WARN_64_TO_32_BIT_CONVERSION = YES;
				GCC_WARN_ABOUT_RETURN_TYPE = YES_ERROR;
				GCC_WARN_UNDECLARED_SELECTOR = YES;
				GCC_WARN_UNINITIALIZED_AUTOS = YES_AGGRESSIVE;
				GCC_WARN_UNUSED_FUNCTION = YES;
				GCC_WARN_UNUSED_VARIABLE = YES;
				IPHONEOS_DEPLOYMENT_TARGET = 10.3;
				MTL_ENABLE_DEBUG_INFO = YES;
				ONLY_ACTIVE_ARCH = YES;
				SDKROOT = iphoneos;
				SWIFT_ACTIVE_COMPILATION_CONDITIONS = DEBUG;
				SWIFT_OPTIMIZATION_LEVEL = "-Onone";
			};
			name = Debug;
		};
		CEB93EAA1E8FFDB100681E33 /* Release */ = {
			isa = XCBuildConfiguration;
			buildSettings = {
				ALWAYS_SEARCH_USER_PATHS = NO;
				CLANG_ANALYZER_NONNULL = YES;
				CLANG_ANALYZER_NUMBER_OBJECT_CONVERSION = YES_AGGRESSIVE;
				CLANG_CXX_LANGUAGE_STANDARD = "gnu++0x";
				CLANG_CXX_LIBRARY = "libc++";
				CLANG_ENABLE_MODULES = YES;
				CLANG_ENABLE_OBJC_ARC = YES;
				CLANG_WARN_BOOL_CONVERSION = YES;
				CLANG_WARN_CONSTANT_CONVERSION = YES;
				CLANG_WARN_DIRECT_OBJC_ISA_USAGE = YES_ERROR;
				CLANG_WARN_DOCUMENTATION_COMMENTS = YES;
				CLANG_WARN_EMPTY_BODY = YES;
				CLANG_WARN_ENUM_CONVERSION = YES;
				CLANG_WARN_INFINITE_RECURSION = YES;
				CLANG_WARN_INT_CONVERSION = YES;
				CLANG_WARN_OBJC_ROOT_CLASS = YES_ERROR;
				CLANG_WARN_SUSPICIOUS_MOVE = YES;
				CLANG_WARN_UNREACHABLE_CODE = YES;
				CLANG_WARN__DUPLICATE_METHOD_MATCH = YES;
				"CODE_SIGN_IDENTITY[sdk=iphoneos*]" = "iPhone Developer";
				COPY_PHASE_STRIP = NO;
				DEBUG_INFORMATION_FORMAT = "dwarf-with-dsym";
				ENABLE_NS_ASSERTIONS = NO;
				ENABLE_STRICT_OBJC_MSGSEND = YES;
				GCC_C_LANGUAGE_STANDARD = gnu99;
				GCC_NO_COMMON_BLOCKS = YES;
				GCC_WARN_64_TO_32_BIT_CONVERSION = YES;
				GCC_WARN_ABOUT_RETURN_TYPE = YES_ERROR;
				GCC_WARN_UNDECLARED_SELECTOR = YES;
				GCC_WARN_UNINITIALIZED_AUTOS = YES_AGGRESSIVE;
				GCC_WARN_UNUSED_FUNCTION = YES;
				GCC_WARN_UNUSED_VARIABLE = YES;
				IPHONEOS_DEPLOYMENT_TARGET = 10.3;
				MTL_ENABLE_DEBUG_INFO = NO;
				SDKROOT = iphoneos;
				SWIFT_OPTIMIZATION_LEVEL = "-Owholemodule";
				VALIDATE_PRODUCT = YES;
			};
			name = Release;
		};
		CEB93EAC1E8FFDB100681E33 /* Debug */ = {
			isa = XCBuildConfiguration;
			buildSettings = {
				ASSETCATALOG_COMPILER_APPICON_NAME = AppIcon;
				DEVELOPMENT_TEAM = 2L8KW7JVKW;
				INFOPLIST_FILE = GuardiansDB/Info.plist;
				LD_RUNPATH_SEARCH_PATHS = "$(inherited) @executable_path/Frameworks";
				PRODUCT_BUNDLE_IDENTIFIER = com.thesitepass.GuardiansDB;
				PRODUCT_NAME = "$(TARGET_NAME)";
				SWIFT_VERSION = 3.0;
			};
			name = Debug;
		};
		CEB93EAD1E8FFDB100681E33 /* Release */ = {
			isa = XCBuildConfiguration;
			buildSettings = {
				ASSETCATALOG_COMPILER_APPICON_NAME = AppIcon;
				DEVELOPMENT_TEAM = 2L8KW7JVKW;
				INFOPLIST_FILE = GuardiansDB/Info.plist;
				LD_RUNPATH_SEARCH_PATHS = "$(inherited) @executable_path/Frameworks";
				PRODUCT_BUNDLE_IDENTIFIER = com.thesitepass.GuardiansDB;
				PRODUCT_NAME = "$(TARGET_NAME)";
				SWIFT_VERSION = 3.0;
			};
			name = Release;
		};
/* End XCBuildConfiguration section */

/* Begin XCConfigurationList section */
		CEB93E911E8FFDB100681E33 /* Build configuration list for PBXProject "GuardiansDB" */ = {
			isa = XCConfigurationList;
			buildConfigurations = (
				CEB93EA91E8FFDB100681E33 /* Debug */,
				CEB93EAA1E8FFDB100681E33 /* Release */,
			);
			defaultConfigurationIsVisible = 0;
			defaultConfigurationName = Release;
		};
		CEB93EAB1E8FFDB100681E33 /* Build configuration list for PBXNativeTarget "GuardiansDB" */ = {
			isa = XCConfigurationList;
			buildConfigurations = (
				CEB93EAC1E8FFDB100681E33 /* Debug */,
				CEB93EAD1E8FFDB100681E33 /* Release */,
			);
			defaultConfigurationIsVisible = 0;
			defaultConfigurationName = Release;
		};
/* End XCConfigurationList section */

/* Begin XCVersionGroup section */
		CEB93EA01E8FFDB100681E33 /* GuardiansDB.xcdatamodeld */ = {
			isa = XCVersionGroup;
			children = (
				CEB93EA11E8FFDB100681E33 /* GuardiansDB.xcdatamodel */,
			);
			currentVersion = CEB93EA11E8FFDB100681E33 /* GuardiansDB.xcdatamodel */;
			path = GuardiansDB.xcdatamodeld;
			sourceTree = "<group>";
			versionGroupType = wrapper.xcdatamodel;
		};
/* End XCVersionGroup section */
	};
	rootObject = CEB93E8E1E8FFDB100681E33 /* Project object */;
}
